schema: '2.0'
stages:
  plot_signals:
    cmd: python src\create_plots.py
    deps:
    - path: data\correct_recordings.txt
      hash: md5
      md5: a3b806680062171079e2e9026acadf37
      size: 12101
    - path: data\eda_anon.pkl
      hash: md5
      md5: 35aa9909aaf46831096077df649b894d
      size: 10285618
    - path: src\create_plots.py
      hash: md5
      md5: 0add20fd8bceaaa66fe905a0e8928459
      size: 1795
    outs:
    - path: plots\input_signals\
      hash: md5
      md5: 13f2a4930eb3c496de3dbd2b3c71fa48.dir
      size: 786504
      nfiles: 30
  compute_histograms:
    cmd: python src\compute_histograms.py
    deps:
    - path: data\eda_anon.pkl
      hash: md5
      md5: 35aa9909aaf46831096077df649b894d
      size: 10285618
    - path: src\compute_histograms.py
      hash: md5
      md5: 9a7b78511a7c434dc11e21012b3fef18
      size: 1861
    outs:
    - path: data\histograms.csv
      hash: md5
      md5: c4ad6a8c5679c28c1827969cda753305
      size: 70264
  plot_histograms:
    cmd: python src\create_hist_plots.py
    deps:
    - path: data\correct_recordings.txt
      hash: md5
      md5: a3b806680062171079e2e9026acadf37
      size: 12101
    - path: data\histograms.csv
      hash: md5
      md5: c4ad6a8c5679c28c1827969cda753305
      size: 70264
    - path: src\create_hist_plots.py
      hash: md5
      md5: 2e30c6879ca79f410d89196569390b33
      size: 3171
    outs:
    - path: plots\histograms\
      hash: md5
      md5: f24901e7c7635abad3666c7703348a15.dir
      size: 555233
      nfiles: 31
